
Microsoft Visual Studio Solution File, Format Version 12.00
# Visual Studio Version 17
VisualStudioVersion = 17.4.33103.184
MinimumVisualStudioVersion = 10.0.40219.1
Project("{FAE04EC0-301F-11D3-BF4B-00C04F79EFBC}") = "Hackerrank", "Hackerrank\Hackerrank.csproj", "{022B3C62-5698-4202-9AF7-5F7F9C678BD7}"
EndProject
Project("{FAE04EC0-301F-11D3-BF4B-00C04F79EFBC}") = "ProblemSolving", "ProblemSolving\ProblemSolving.csproj", "{4702DC08-261D-4E33-B857-D59642BAFD0D}"
EndProject
Global
	GlobalSection(SolutionConfigurationPlatforms) = preSolution
		Debug|Any CPU = Debug|Any CPU
		Release|Any CPU = Release|Any CPU
	EndGlobalSection
	GlobalSection(ProjectConfigurationPlatforms) = postSolution
		{022B3C62-5698-4202-9AF7-5F7F9C678BD7}.Debug|Any CPU.ActiveCfg = Debug|Any CPU
		{022B3C62-5698-4202-9AF7-5F7F9C678BD7}.Debug|Any CPU.Build.0 = Debug|Any CPU
		{022B3C62-5698-4202-9AF7-5F7F9C678BD7}.Release|Any CPU.ActiveCfg = Release|Any CPU
		{022B3C62-5698-4202-9AF7-5F7F9C678BD7}.Release|Any CPU.Build.0 = Release|Any CPU
		{4702DC08-261D-4E33-B857-D59642BAFD0D}.Debug|Any CPU.ActiveCfg = Debug|Any CPU
		{4702DC08-261D-4E33-B857-D59642BAFD0D}.Debug|Any CPU.Build.0 = Debug|Any CPU
		{4702DC08-261D-4E33-B857-D59642BAFD0D}.Release|Any CPU.ActiveCfg = Release|Any CPU
		{4702DC08-261D-4E33-B857-D59642BAFD0D}.Release|Any CPU.Build.0 = Release|Any CPU
	EndGlobalSection
	GlobalSection(SolutionProperties) = preSolution
		HideSolutionNode = FALSE
	EndGlobalSection
	GlobalSection(ExtensibilityGlobals) = postSolution
		SolutionGuid = {E0BC8812-4E96-433E-95A8-B79EA10A3E08}
	EndGlobalSection
EndGlobal
